// !$*UTF8*$!
{
	archiveVersion = 1;
	classes = {
	};
	objectVersion = 46;
	objects = {

/* Begin PBXBuildFile section */
		24A1DEBD160230960039139C /* Prefix.pch in Headers */ = {isa = PBXBuildFile; fileRef = 24A1DEA4160230960039139C /* Prefix.pch */; };
		24A1DEC0160230960039139C /* NSUtil.h in Headers */ = {isa = PBXBuildFile; fileRef = 24A1DEA9160230960039139C /* NSUtil.h */; };
		24A1DEC1160230960039139C /* NSUtil.mm in Sources */ = {isa = PBXBuildFile; fileRef = 24A1DEAA160230960039139C /* NSUtil.mm */; };
		24C1807615104BF100951174 /* UIKit.framework in Frameworks */ = {isa = PBXBuildFile; fileRef = 24C1807515104BF100951174 /* UIKit.framework */; };
		24CADA911510492B00B22162 /* Foundation.framework in Frameworks */ = {isa = PBXBuildFile; fileRef = 24CADA901510492B00B22162 /* Foundation.framework */; };
		24EFFDBE1611203D000C0CD9 /* HookMain.h in Headers */ = {isa = PBXBuildFile; fileRef = 24EFFDBA1611203D000C0CD9 /* HookMain.h */; };
		24EFFDBF1611203D000C0CD9 /* HookMain.mm in Sources */ = {isa = PBXBuildFile; fileRef = 24EFFDBB1611203D000C0CD9 /* HookMain.mm */; };
		24F3F68E178E9D9D007F8F30 /* ApplicationPeek.mm in Sources */ = {isa = PBXBuildFile; fileRef = 24F3F68B178E9D9D007F8F30 /* ApplicationPeek.mm */; };
		24F3F68F178E9D9D007F8F30 /* ConnectionPeek.mm in Sources */ = {isa = PBXBuildFile; fileRef = 24F3F68C178E9D9D007F8F30 /* ConnectionPeek.mm */; };
		24F3F690178E9D9D007F8F30 /* WebViewPeek.mm in Sources */ = {isa = PBXBuildFile; fileRef = 24F3F68D178E9D9D007F8F30 /* WebViewPeek.mm */; };
		24F3F692178E9F1C007F8F30 /* ReadStreamPeek.mm in Sources */ = {isa = PBXBuildFile; fileRef = 24F3F691178E9F1C007F8F30 /* ReadStreamPeek.mm */; };
/* End PBXBuildFile section */

/* Begin PBXFileReference section */
		24A1DEA4160230960039139C /* Prefix.pch */ = {isa = PBXFileReference; fileEncoding = 4; lastKnownFileType = sourcecode.c.h; path = Prefix.pch; sourceTree = "<group>"; };
		24A1DEA9160230960039139C /* NSUtil.h */ = {isa = PBXFileReference; fileEncoding = 4; lastKnownFileType = sourcecode.c.h; path = NSUtil.h; sourceTree = "<group>"; };
		24A1DEAA160230960039139C /* NSUtil.mm */ = {isa = PBXFileReference; fileEncoding = 4; lastKnownFileType = sourcecode.cpp.objcpp; path = NSUtil.mm; sourceTree = "<group>"; };
		24C1807515104BF100951174 /* UIKit.framework */ = {isa = PBXFileReference; lastKnownFileType = wrapper.framework; name = UIKit.framework; path = System/Library/Frameworks/UIKit.framework; sourceTree = SDKROOT; };
		24CADA8D1510492B00B22162 /* HttPeek.dylib */ = {isa = PBXFileReference; explicitFileType = "compiled.mach-o.dylib"; includeInIndex = 0; path = HttPeek.dylib; sourceTree = BUILT_PRODUCTS_DIR; };
		24CADA901510492B00B22162 /* Foundation.framework */ = {isa = PBXFileReference; lastKnownFileType = wrapper.framework; name = Foundation.framework; path = System/Library/Frameworks/Foundation.framework; sourceTree = SDKROOT; };
		24EFFDBA1611203D000C0CD9 /* HookMain.h */ = {isa = PBXFileReference; fileEncoding = 4; lastKnownFileType = sourcecode.c.h; path = HookMain.h; sourceTree = "<group>"; };
		24EFFDBB1611203D000C0CD9 /* HookMain.mm */ = {isa = PBXFileReference; fileEncoding = 4; lastKnownFileType = sourcecode.cpp.objcpp; path = HookMain.mm; sourceTree = "<group>"; };
		24F3F68B178E9D9D007F8F30 /* ApplicationPeek.mm */ = {isa = PBXFileReference; fileEncoding = 4; lastKnownFileType = sourcecode.cpp.objcpp; path = ApplicationPeek.mm; sourceTree = "<group>"; };
		24F3F68C178E9D9D007F8F30 /* ConnectionPeek.mm */ = {isa = PBXFileReference; fileEncoding = 4; lastKnownFileType = sourcecode.cpp.objcpp; path = ConnectionPeek.mm; sourceTree = "<group>"; };
		24F3F68D178E9D9D007F8F30 /* WebViewPeek.mm */ = {isa = PBXFileReference; fileEncoding = 4; lastKnownFileType = sourcecode.cpp.objcpp; path = WebViewPeek.mm; sourceTree = "<group>"; };
		24F3F691178E9F1C007F8F30 /* ReadStreamPeek.mm */ = {isa = PBXFileReference; fileEncoding = 4; lastKnownFileType = sourcecode.cpp.objcpp; path = ReadStreamPeek.mm; sourceTree = "<group>"; };
/* End PBXFileReference section */

/* Begin PBXFrameworksBuildPhase section */
		24CADA8A1510492B00B22162 /* Frameworks */ = {
			isa = PBXFrameworksBuildPhase;
			buildActionMask = 2147483647;
			files = (
				24C1807615104BF100951174 /* UIKit.framework in Frameworks */,
				24CADA911510492B00B22162 /* Foundation.framework in Frameworks */,
			);
			runOnlyForDeploymentPostprocessing = 0;
		};
/* End PBXFrameworksBuildPhase section */

/* Begin PBXGroup section */
		24A1DE9A160230960039139C /* Classes */ = {
			isa = PBXGroup;
			children = (
				24EFFDBA1611203D000C0CD9 /* HookMain.h */,
				24EFFDBB1611203D000C0CD9 /* HookMain.mm */,
				24F3F68B178E9D9D007F8F30 /* ApplicationPeek.mm */,
				24F3F68C178E9D9D007F8F30 /* ConnectionPeek.mm */,
				24F3F691178E9F1C007F8F30 /* ReadStreamPeek.mm */,
				24F3F68D178E9D9D007F8F30 /* WebViewPeek.mm */,
			);
			path = Classes;
			sourceTree = "<group>";
		};
		24A1DEA3160230960039139C /* Sources */ = {
			isa = PBXGroup;
			children = (
				24A1DEA4160230960039139C /* Prefix.pch */,
				24A1DEA8160230960039139C /* Util */,
			);
			path = Sources;
			sourceTree = "<group>";
		};
		24A1DEA8160230960039139C /* Util */ = {
			isa = PBXGroup;
			children = (
				24A1DEA9160230960039139C /* NSUtil.h */,
				24A1DEAA160230960039139C /* NSUtil.mm */,
			);
			path = Util;
			sourceTree = "<group>";
		};
		24CADA821510492B00B22162 = {
			isa = PBXGroup;
			children = (
				24A1DE9A160230960039139C /* Classes */,
				24A1DEA3160230960039139C /* Sources */,
				24CADA8F1510492B00B22162 /* Frameworks */,
				24CADA8E1510492B00B22162 /* Products */,
			);
			sourceTree = "<group>";
		};
		24CADA8E1510492B00B22162 /* Products */ = {
			isa = PBXGroup;
			children = (
				24CADA8D1510492B00B22162 /* HttPeek.dylib */,
			);
			name = Products;
			sourceTree = "<group>";
		};
		24CADA8F1510492B00B22162 /* Frameworks */ = {
			isa = PBXGroup;
			children = (
				24C1807515104BF100951174 /* UIKit.framework */,
				24CADA901510492B00B22162 /* Foundation.framework */,
			);
			name = Frameworks;
			sourceTree = "<group>";
		};
/* End PBXGroup section */

/* Begin PBXHeadersBuildPhase section */
		24CADA8B1510492B00B22162 /* Headers */ = {
			isa = PBXHeadersBuildPhase;
			buildActionMask = 2147483647;
			files = (
				24A1DEBD160230960039139C /* Prefix.pch in Headers */,
				24A1DEC0160230960039139C /* NSUtil.h in Headers */,
				24EFFDBE1611203D000C0CD9 /* HookMain.h in Headers */,
			);
			runOnlyForDeploymentPostprocessing = 0;
		};
/* End PBXHeadersBuildPhase section */

/* Begin PBXNativeTarget section */
		24CADA8C1510492B00B22162 /* HttPeek */ = {
			isa = PBXNativeTarget;
			buildConfigurationList = 24CADA9A1510492B00B22162 /* Build configuration list for PBXNativeTarget "HttPeek" */;
			buildPhases = (
				24CADA891510492B00B22162 /* Sources */,
				24CADA8A1510492B00B22162 /* Frameworks */,
				24CADA8B1510492B00B22162 /* Headers */,
			);
			buildRules = (
			);
			dependencies = (
			);
			name = HttPeek;
			productName = HttPeek;
			productReference = 24CADA8D1510492B00B22162 /* HttPeek.dylib */;
			productType = "com.apple.product-type.library.dynamic";
		};
/* End PBXNativeTarget section */

/* Begin PBXProject section */
		24CADA841510492B00B22162 /* Project object */ = {
			isa = PBXProject;
			attributes = {
				LastUpgradeCheck = 0500;
			};
			buildConfigurationList = 24CADA871510492B00B22162 /* Build configuration list for PBXProject "HttPeek" */;
			compatibilityVersion = "Xcode 3.2";
			developmentRegion = English;
			hasScannedForEncodings = 0;
			knownRegions = (
				en,
			);
			mainGroup = 24CADA821510492B00B22162;
			productRefGroup = 24CADA8E1510492B00B22162 /* Products */;
			projectDirPath = "";
			projectRoot = "";
			targets = (
				24CADA8C1510492B00B22162 /* HttPeek */,
			);
		};
/* End PBXProject section */

/* Begin PBXSourcesBuildPhase section */
		24CADA891510492B00B22162 /* Sources */ = {
			isa = PBXSourcesBuildPhase;
			buildActionMask = 2147483647;
			files = (
				24A1DEC1160230960039139C /* NSUtil.mm in Sources */,
				24EFFDBF1611203D000C0CD9 /* HookMain.mm in Sources */,
				24F3F68E178E9D9D007F8F30 /* ApplicationPeek.mm in Sources */,
				24F3F68F178E9D9D007F8F30 /* ConnectionPeek.mm in Sources */,
				24F3F690178E9D9D007F8F30 /* WebViewPeek.mm in Sources */,
				24F3F692178E9F1C007F8F30 /* ReadStreamPeek.mm in Sources */,
			);
			runOnlyForDeploymentPostprocessing = 0;
		};
/* End PBXSourcesBuildPhase section */

/* Begin XCBuildConfiguration section */
		24CADA981510492B00B22162 /* Debug */ = {
			isa = XCBuildConfiguration;
			buildSettings = {
				ARCHS = "$(ARCHS_STANDARD_INCLUDING_64_BIT)";
				CLANG_WARN_CONSTANT_CONVERSION = YES;
				CLANG_WARN_ENUM_CONVERSION = YES;
				CLANG_WARN_INT_CONVERSION = YES;
				CLANG_WARN__DUPLICATE_METHOD_MATCH = YES;
				CODE_SIGN_IDENTITY = "";
				COPY_PHASE_STRIP = NO;
				EXECUTABLE_EXTENSION = dylib;
				GCC_OPTIMIZATION_LEVEL = 0;
				GCC_PRECOMPILE_PREFIX_HEADER = YES;
				GCC_PREFIX_HEADER = Sources/Prefix.pch;
				GCC_PREPROCESSOR_DEFINITIONS = (
					"DEBUG=1",
					"$(inherited)",
				);
				GCC_WARN_ABOUT_RETURN_TYPE = YES;
				GCC_WARN_UNINITIALIZED_AUTOS = YES;
				GCC_WARN_UNUSED_VARIABLE = YES;
				INIT_ROUTINE = _lklauq;
				IPHONEOS_DEPLOYMENT_TARGET = 6.0;
				MACH_O_TYPE = mh_dylib;
				ONLY_ACTIVE_ARCH = YES;
				PRODUCT_NAME = HttPeek;
				SDKROOT = iphoneos;
			};
			name = Debug;
		};
		24CADA991510492B00B22162 /* Release */ = {
			isa = XCBuildConfiguration;
			buildSettings = {
				ARCHS = "$(ARCHS_STANDARD_INCLUDING_64_BIT)";
				CLANG_WARN_CONSTANT_CONVERSION = YES;
				CLANG_WARN_ENUM_CONVERSION = YES;
				CLANG_WARN_INT_CONVERSION = YES;
				CLANG_WARN__DUPLICATE_METHOD_MATCH = YES;
				CODE_SIGN_IDENTITY = "";
				COPY_PHASE_STRIP = YES;
				EXECUTABLE_EXTENSION = dylib;
				GCC_PRECOMPILE_PREFIX_HEADER = YES;
				GCC_PREFIX_HEADER = Sources/Prefix.pch;
				GCC_WARN_ABOUT_RETURN_TYPE = YES;
				GCC_WARN_UNINITIALIZED_AUTOS = YES;
				GCC_WARN_UNUSED_VARIABLE = YES;
				INIT_ROUTINE = _lklauq;
				IPHONEOS_DEPLOYMENT_TARGET = 6.0;
				MACH_O_TYPE = mh_dylib;
				PRODUCT_NAME = HttPeek;
				SDKROOT = iphoneos;
				VALIDATE_PRODUCT = YES;
			};
			name = Release;
		};
		24CADA9B1510492B00B22162 /* Debug */ = {
			isa = XCBuildConfiguration;
			buildSettings = {
			};
			name = Debug;
		};
		24CADA9C1510492B00B22162 /* Release */ = {
			isa = XCBuildConfiguration;
			buildSettings = {
			};
			name = Release;
		};
/* End XCBuildConfiguration section */

/* Begin XCConfigurationList section */
		24CADA871510492B00B22162 /* Build configuration list for PBXProject "HttPeek" */ = {
			isa = XCConfigurationList;
			buildConfigurations = (
				24CADA981510492B00B22162 /* Debug */,
				24CADA991510492B00B22162 /* Release */,
			);
			defaultConfigurationIsVisible = 0;
			defaultConfigurationName = Release;
		};
		24CADA9A1510492B00B22162 /* Build configuration list for PBXNativeTarget "HttPeek" */ = {
			isa = XCConfigurationList;
			buildConfigurations = (
				24CADA9B1510492B00B22162 /* Debug */,
				24CADA9C1510492B00B22162 /* Release */,
			);
			defaultConfigurationIsVisible = 0;
			defaultConfigurationName = Release;
		};
/* End XCConfigurationList section */
	};
	rootObject = 24CADA841510492B00B22162 /* Project object */;
}
